// !$*UTF8*$!
{
	archiveVersion = 1;
	classes = {
	};
	objectVersion = 46;
	objects = {

/* Begin PBXBuildFile section */
		3964C9621D7C957800C8F6AD /* filterVC.m in Sources */ = {isa = PBXBuildFile; fileRef = 3964C9611D7C957800C8F6AD /* filterVC.m */; };
		FC7D4C591D772221000B19AC /* video-128.png in Resources */ = {isa = PBXBuildFile; fileRef = FC7D4C581D772221000B19AC /* video-128.png */; };
		FCA663AE1D79A0B8006C1AF7 /* mainCell.m in Sources */ = {isa = PBXBuildFile; fileRef = FCA663AD1D79A0B8006C1AF7 /* mainCell.m */; };
		FCA663B41D79AA40006C1AF7 /* 1472837819_star-half.png in Resources */ = {isa = PBXBuildFile; fileRef = FCA663B31D79AA40006C1AF7 /* 1472837819_star-half.png */; };
		FCA663B61D79AA43006C1AF7 /* 1472837863_star-half-2.png in Resources */ = {isa = PBXBuildFile; fileRef = FCA663B51D79AA43006C1AF7 /* 1472837863_star-half-2.png */; };
		FCA663B81D79AA47006C1AF7 /* 1472837884_star-empty.png in Resources */ = {isa = PBXBuildFile; fileRef = FCA663B71D79AA47006C1AF7 /* 1472837884_star-empty.png */; };
		FCA663BA1D79AA71006C1AF7 /* star_full-128.png in Resources */ = {isa = PBXBuildFile; fileRef = FCA663B91D79AA71006C1AF7 /* star_full-128.png */; };
		FCA663BC1D79AC01006C1AF7 /* cook.png in Resources */ = {isa = PBXBuildFile; fileRef = FCA663BB1D79AC01006C1AF7 /* cook.png */; };
		FCA663BE1D79BEB6006C1AF7 /* prep.png in Resources */ = {isa = PBXBuildFile; fileRef = FCA663BD1D79BEB6006C1AF7 /* prep.png */; };
		FCA663C01D79C0B7006C1AF7 /* chef-128.png in Resources */ = {isa = PBXBuildFile; fileRef = FCA663BF1D79C0B7006C1AF7 /* chef-128.png */; };
		FCB2C65D1D744C6200594A59 /* main.m in Sources */ = {isa = PBXBuildFile; fileRef = FCB2C65C1D744C6200594A59 /* main.m */; };
		FCB2C6601D744C6200594A59 /* AppDelegate.m in Sources */ = {isa = PBXBuildFile; fileRef = FCB2C65F1D744C6200594A59 /* AppDelegate.m */; };
		FCB2C6661D744C6200594A59 /* Main.storyboard in Resources */ = {isa = PBXBuildFile; fileRef = FCB2C6641D744C6200594A59 /* Main.storyboard */; };
		FCB2C6681D744C6200594A59 /* Assets.xcassets in Resources */ = {isa = PBXBuildFile; fileRef = FCB2C6671D744C6200594A59 /* Assets.xcassets */; };
		FCB2C66B1D744C6200594A59 /* LaunchScreen.storyboard in Resources */ = {isa = PBXBuildFile; fileRef = FCB2C6691D744C6200594A59 /* LaunchScreen.storyboard */; };
		FCB2C6761D744C6200594A59 /* Cooking2Tests.m in Sources */ = {isa = PBXBuildFile; fileRef = FCB2C6751D744C6200594A59 /* Cooking2Tests.m */; };
		FCB2C6811D744C6200594A59 /* Cooking2UITests.m in Sources */ = {isa = PBXBuildFile; fileRef = FCB2C6801D744C6200594A59 /* Cooking2UITests.m */; };
		FCB2C6901D744C8300594A59 /* mainVC.m in Sources */ = {isa = PBXBuildFile; fileRef = FCB2C68F1D744C8300594A59 /* mainVC.m */; };
		FCB2C6931D744CE500594A59 /* Peacock.m in Sources */ = {isa = PBXBuildFile; fileRef = FCB2C6921D744CE500594A59 /* Peacock.m */; };
		FCB2C6991D744D4C00594A59 /* openVC.m in Sources */ = {isa = PBXBuildFile; fileRef = FCB2C6981D744D4C00594A59 /* openVC.m */; };
		FCB2C69C1D744D5600594A59 /* loginVC.m in Sources */ = {isa = PBXBuildFile; fileRef = FCB2C69B1D744D5600594A59 /* loginVC.m */; };
		FCB2C69F1D744D6300594A59 /* registerVC.m in Sources */ = {isa = PBXBuildFile; fileRef = FCB2C69E1D744D6300594A59 /* registerVC.m */; };
		FCB2C6A21D744D8000594A59 /* searchVC.m in Sources */ = {isa = PBXBuildFile; fileRef = FCB2C6A11D744D8000594A59 /* searchVC.m */; };
		FCB2C6A51D744D9200594A59 /* recipeVC.m in Sources */ = {isa = PBXBuildFile; fileRef = FCB2C6A41D744D9200594A59 /* recipeVC.m */; };
		FCB2C6A81D744DA500594A59 /* chefVC.m in Sources */ = {isa = PBXBuildFile; fileRef = FCB2C6A71D744DA500594A59 /* chefVC.m */; };
		FCB2C6AB1D744DBF00594A59 /* profileVC.m in Sources */ = {isa = PBXBuildFile; fileRef = FCB2C6AA1D744DBF00594A59 /* profileVC.m */; };
		FCB2C6AE1D744DE700594A59 /* editVC.m in Sources */ = {isa = PBXBuildFile; fileRef = FCB2C6AD1D744DE700594A59 /* editVC.m */; };
		FCB2C6B41D744E2300594A59 /* User.m in Sources */ = {isa = PBXBuildFile; fileRef = FCB2C6B11D744E2300594A59 /* User.m */; };
		FCB2C6B51D744E2300594A59 /* Recipe.m in Sources */ = {isa = PBXBuildFile; fileRef = FCB2C6B31D744E2300594A59 /* Recipe.m */; };
		FCB2C6BF1D7452EE00594A59 /* openBG.jpeg in Resources */ = {isa = PBXBuildFile; fileRef = FCB2C6BE1D7452EE00594A59 /* openBG.jpeg */; };
		FCB2C6C21D74549600594A59 /* openBG.mp4 in Resources */ = {isa = PBXBuildFile; fileRef = FCB2C6C11D74549600594A59 /* openBG.mp4 */; };
		FCB2C6C41D7454AD00594A59 /* bgvid.mp4 in Resources */ = {isa = PBXBuildFile; fileRef = FCB2C6C31D7454AD00594A59 /* bgvid.mp4 */; };
		FCB2C6C61D7459EF00594A59 /* chef-512.png in Resources */ = {isa = PBXBuildFile; fileRef = FCB2C6C51D7459EF00594A59 /* chef-512.png */; };
		FCB2C6C81D745D9800594A59 /* bgIV4.jpg in Resources */ = {isa = PBXBuildFile; fileRef = FCB2C6C71D745D9800594A59 /* bgIV4.jpg */; };
		FCB2C6CE1D74621F00594A59 /* Donkey.m in Sources */ = {isa = PBXBuildFile; fileRef = FCB2C6CD1D74621F00594A59 /* Donkey.m */; };
		FCB2C6D01D746A5D00594A59 /* king.jpeg in Resources */ = {isa = PBXBuildFile; fileRef = FCB2C6CF1D746A5D00594A59 /* king.jpeg */; };
		FCB2C6D21D746D3800594A59 /* dog.jpg in Resources */ = {isa = PBXBuildFile; fileRef = FCB2C6D11D746D3800594A59 /* dog.jpg */; };
		FCBF20571D747FD5009F9BD7 /* Dog.m in Sources */ = {isa = PBXBuildFile; fileRef = FCBF20561D747FD5009F9BD7 /* Dog.m */; };
		FCBF20591D7491E9009F9BD7 /* search-128.png in Resources */ = {isa = PBXBuildFile; fileRef = FCBF20581D7491E9009F9BD7 /* search-128.png */; };
		FCBF205B1D74976F009F9BD7 /* close-120.png in Resources */ = {isa = PBXBuildFile; fileRef = FCBF205A1D74976F009F9BD7 /* close-120.png */; };
		FCBF205D1D74A52C009F9BD7 /* edit-128.png in Resources */ = {isa = PBXBuildFile; fileRef = FCBF205C1D74A52C009F9BD7 /* edit-128.png */; };
		FCBF205F1D74D93C009F9BD7 /* add-120.png in Resources */ = {isa = PBXBuildFile; fileRef = FCBF205E1D74D93C009F9BD7 /* add-120.png */; };
		FCBF20611D75945E009F9BD7 /* arrow_right-128.png in Resources */ = {isa = PBXBuildFile; fileRef = FCBF20601D75945E009F9BD7 /* arrow_right-128.png */; };
		FCBF20631D75F8BD009F9BD7 /* camera-128.png in Resources */ = {isa = PBXBuildFile; fileRef = FCBF20621D75F8BD009F9BD7 /* camera-128.png */; };
		FCBF20651D75FDDE009F9BD7 /* settings-120.png in Resources */ = {isa = PBXBuildFile; fileRef = FCBF20641D75FDDE009F9BD7 /* settings-120.png */; };
		FCBF20681D760244009F9BD7 /* cameraVC.m in Sources */ = {isa = PBXBuildFile; fileRef = FCBF20671D760244009F9BD7 /* cameraVC.m */; };
		FCBF206B1D7618D9009F9BD7 /* Fish.m in Sources */ = {isa = PBXBuildFile; fileRef = FCBF206A1D7618D9009F9BD7 /* Fish.m */; };
/* End PBXBuildFile section */

/* Begin PBXContainerItemProxy section */
		FCB2C6721D744C6200594A59 /* PBXContainerItemProxy */ = {
			isa = PBXContainerItemProxy;
			containerPortal = FCB2C6501D744C6200594A59 /* Project object */;
			proxyType = 1;
			remoteGlobalIDString = FCB2C6571D744C6200594A59;
			remoteInfo = Cooking2;
		};
		FCB2C67D1D744C6200594A59 /* PBXContainerItemProxy */ = {
			isa = PBXContainerItemProxy;
			containerPortal = FCB2C6501D744C6200594A59 /* Project object */;
			proxyType = 1;
			remoteGlobalIDString = FCB2C6571D744C6200594A59;
			remoteInfo = Cooking2;
		};
/* End PBXContainerItemProxy section */

/* Begin PBXFileReference section */
		3964C9601D7C957800C8F6AD /* filterVC.h */ = {isa = PBXFileReference; fileEncoding = 4; lastKnownFileType = sourcecode.c.h; path = filterVC.h; sourceTree = "<group>"; };
		3964C9611D7C957800C8F6AD /* filterVC.m */ = {isa = PBXFileReference; fileEncoding = 4; lastKnownFileType = sourcecode.c.objc; path = filterVC.m; sourceTree = "<group>"; };
		FC7D4C581D772221000B19AC /* video-128.png */ = {isa = PBXFileReference; lastKnownFileType = image.png; path = "video-128.png"; sourceTree = "<group>"; };
		FCA663AC1D79A0B8006C1AF7 /* mainCell.h */ = {isa = PBXFileReference; fileEncoding = 4; lastKnownFileType = sourcecode.c.h; path = mainCell.h; sourceTree = "<group>"; };
		FCA663AD1D79A0B8006C1AF7 /* mainCell.m */ = {isa = PBXFileReference; fileEncoding = 4; lastKnownFileType = sourcecode.c.objc; path = mainCell.m; sourceTree = "<group>"; };
		FCA663B31D79AA40006C1AF7 /* 1472837819_star-half.png */ = {isa = PBXFileReference; lastKnownFileType = image.png; path = "1472837819_star-half.png"; sourceTree = "<group>"; };
		FCA663B51D79AA43006C1AF7 /* 1472837863_star-half-2.png */ = {isa = PBXFileReference; lastKnownFileType = image.png; path = "1472837863_star-half-2.png"; sourceTree = "<group>"; };
		FCA663B71D79AA47006C1AF7 /* 1472837884_star-empty.png */ = {isa = PBXFileReference; lastKnownFileType = image.png; path = "1472837884_star-empty.png"; sourceTree = "<group>"; };
		FCA663B91D79AA71006C1AF7 /* star_full-128.png */ = {isa = PBXFileReference; lastKnownFileType = image.png; path = "star_full-128.png"; sourceTree = "<group>"; };
		FCA663BB1D79AC01006C1AF7 /* cook.png */ = {isa = PBXFileReference; lastKnownFileType = image.png; path = cook.png; sourceTree = "<group>"; };
		FCA663BD1D79BEB6006C1AF7 /* prep.png */ = {isa = PBXFileReference; lastKnownFileType = image.png; path = prep.png; sourceTree = "<group>"; };
		FCA663BF1D79C0B7006C1AF7 /* chef-128.png */ = {isa = PBXFileReference; lastKnownFileType = image.png; path = "chef-128.png"; sourceTree = "<group>"; };
		FCB2C6581D744C6200594A59 /* Cooking2.app */ = {isa = PBXFileReference; explicitFileType = wrapper.application; includeInIndex = 0; path = Cooking2.app; sourceTree = BUILT_PRODUCTS_DIR; };
		FCB2C65C1D744C6200594A59 /* main.m */ = {isa = PBXFileReference; lastKnownFileType = sourcecode.c.objc; path = main.m; sourceTree = "<group>"; };
		FCB2C65E1D744C6200594A59 /* AppDelegate.h */ = {isa = PBXFileReference; lastKnownFileType = sourcecode.c.h; path = AppDelegate.h; sourceTree = "<group>"; };
		FCB2C65F1D744C6200594A59 /* AppDelegate.m */ = {isa = PBXFileReference; lastKnownFileType = sourcecode.c.objc; path = AppDelegate.m; sourceTree = "<group>"; };
		FCB2C6651D744C6200594A59 /* Base */ = {isa = PBXFileReference; lastKnownFileType = file.storyboard; name = Base; path = Base.lproj/Main.storyboard; sourceTree = "<group>"; };
		FCB2C6671D744C6200594A59 /* Assets.xcassets */ = {isa = PBXFileReference; lastKnownFileType = folder.assetcatalog; path = Assets.xcassets; sourceTree = "<group>"; };
		FCB2C66A1D744C6200594A59 /* Base */ = {isa = PBXFileReference; lastKnownFileType = file.storyboard; name = Base; path = Base.lproj/LaunchScreen.storyboard; sourceTree = "<group>"; };
		FCB2C66C1D744C6200594A59 /* Info.plist */ = {isa = PBXFileReference; lastKnownFileType = text.plist.xml; path = Info.plist; sourceTree = "<group>"; };
		FCB2C6711D744C6200594A59 /* Cooking2Tests.xctest */ = {isa = PBXFileReference; explicitFileType = wrapper.cfbundle; includeInIndex = 0; path = Cooking2Tests.xctest; sourceTree = BUILT_PRODUCTS_DIR; };
		FCB2C6751D744C6200594A59 /* Cooking2Tests.m */ = {isa = PBXFileReference; lastKnownFileType = sourcecode.c.objc; path = Cooking2Tests.m; sourceTree = "<group>"; };
		FCB2C6771D744C6200594A59 /* Info.plist */ = {isa = PBXFileReference; lastKnownFileType = text.plist.xml; path = Info.plist; sourceTree = "<group>"; };
		FCB2C67C1D744C6200594A59 /* Cooking2UITests.xctest */ = {isa = PBXFileReference; explicitFileType = wrapper.cfbundle; includeInIndex = 0; path = Cooking2UITests.xctest; sourceTree = BUILT_PRODUCTS_DIR; };
		FCB2C6801D744C6200594A59 /* Cooking2UITests.m */ = {isa = PBXFileReference; lastKnownFileType = sourcecode.c.objc; path = Cooking2UITests.m; sourceTree = "<group>"; };
		FCB2C6821D744C6200594A59 /* Info.plist */ = {isa = PBXFileReference; lastKnownFileType = text.plist.xml; path = Info.plist; sourceTree = "<group>"; };
		FCB2C68E1D744C8300594A59 /* mainVC.h */ = {isa = PBXFileReference; fileEncoding = 4; lastKnownFileType = sourcecode.c.h; path = mainVC.h; sourceTree = "<group>"; };
		FCB2C68F1D744C8300594A59 /* mainVC.m */ = {isa = PBXFileReference; fileEncoding = 4; lastKnownFileType = sourcecode.c.objc; path = mainVC.m; sourceTree = "<group>"; };
		FCB2C6911D744CE500594A59 /* Peacock.h */ = {isa = PBXFileReference; fileEncoding = 4; lastKnownFileType = sourcecode.c.h; path = Peacock.h; sourceTree = "<group>"; };
		FCB2C6921D744CE500594A59 /* Peacock.m */ = {isa = PBXFileReference; fileEncoding = 4; lastKnownFileType = sourcecode.c.objc; path = Peacock.m; sourceTree = "<group>"; };
		FCB2C6971D744D4C00594A59 /* openVC.h */ = {isa = PBXFileReference; fileEncoding = 4; lastKnownFileType = sourcecode.c.h; path = openVC.h; sourceTree = "<group>"; };
		FCB2C6981D744D4C00594A59 /* openVC.m */ = {isa = PBXFileReference; fileEncoding = 4; lastKnownFileType = sourcecode.c.objc; path = openVC.m; sourceTree = "<group>"; };
		FCB2C69A1D744D5600594A59 /* loginVC.h */ = {isa = PBXFileReference; fileEncoding = 4; lastKnownFileType = sourcecode.c.h; path = loginVC.h; sourceTree = "<group>"; };
		FCB2C69B1D744D5600594A59 /* loginVC.m */ = {isa = PBXFileReference; fileEncoding = 4; lastKnownFileType = sourcecode.c.objc; path = loginVC.m; sourceTree = "<group>"; };
		FCB2C69D1D744D6300594A59 /* registerVC.h */ = {isa = PBXFileReference; fileEncoding = 4; lastKnownFileType = sourcecode.c.h; path = registerVC.h; sourceTree = "<group>"; };
		FCB2C69E1D744D6300594A59 /* registerVC.m */ = {isa = PBXFileReference; fileEncoding = 4; lastKnownFileType = sourcecode.c.objc; path = registerVC.m; sourceTree = "<group>"; };
		FCB2C6A01D744D8000594A59 /* searchVC.h */ = {isa = PBXFileReference; fileEncoding = 4; lastKnownFileType = sourcecode.c.h; path = searchVC.h; sourceTree = "<group>"; };
		FCB2C6A11D744D8000594A59 /* searchVC.m */ = {isa = PBXFileReference; fileEncoding = 4; lastKnownFileType = sourcecode.c.objc; path = searchVC.m; sourceTree = "<group>"; };
		FCB2C6A31D744D9200594A59 /* recipeVC.h */ = {isa = PBXFileReference; fileEncoding = 4; lastKnownFileType = sourcecode.c.h; name = recipeVC.h; path = ../recipeVC.h; sourceTree = "<group>"; };
		FCB2C6A41D744D9200594A59 /* recipeVC.m */ = {isa = PBXFileReference; fileEncoding = 4; lastKnownFileType = sourcecode.c.objc; name = recipeVC.m; path = ../recipeVC.m; sourceTree = "<group>"; };
		FCB2C6A61D744DA500594A59 /* chefVC.h */ = {isa = PBXFileReference; fileEncoding = 4; lastKnownFileType = sourcecode.c.h; path = chefVC.h; sourceTree = "<group>"; };
		FCB2C6A71D744DA500594A59 /* chefVC.m */ = {isa = PBXFileReference; fileEncoding = 4; lastKnownFileType = sourcecode.c.objc; path = chefVC.m; sourceTree = "<group>"; };
		FCB2C6A91D744DBF00594A59 /* profileVC.h */ = {isa = PBXFileReference; fileEncoding = 4; lastKnownFileType = sourcecode.c.h; path = profileVC.h; sourceTree = "<group>"; };
		FCB2C6AA1D744DBF00594A59 /* profileVC.m */ = {isa = PBXFileReference; fileEncoding = 4; lastKnownFileType = sourcecode.c.objc; path = profileVC.m; sourceTree = "<group>"; };
		FCB2C6AC1D744DE700594A59 /* editVC.h */ = {isa = PBXFileReference; fileEncoding = 4; lastKnownFileType = sourcecode.c.h; path = editVC.h; sourceTree = "<group>"; };
		FCB2C6AD1D744DE700594A59 /* editVC.m */ = {isa = PBXFileReference; fileEncoding = 4; lastKnownFileType = sourcecode.c.objc; path = editVC.m; sourceTree = "<group>"; };
		FCB2C6B01D744E2300594A59 /* User.h */ = {isa = PBXFileReference; fileEncoding = 4; lastKnownFileType = sourcecode.c.h; path = User.h; sourceTree = "<group>"; };
		FCB2C6B11D744E2300594A59 /* User.m */ = {isa = PBXFileReference; fileEncoding = 4; lastKnownFileType = sourcecode.c.objc; path = User.m; sourceTree = "<group>"; };
		FCB2C6B21D744E2300594A59 /* Recipe.h */ = {isa = PBXFileReference; fileEncoding = 4; lastKnownFileType = sourcecode.c.h; path = Recipe.h; sourceTree = "<group>"; };
		FCB2C6B31D744E2300594A59 /* Recipe.m */ = {isa = PBXFileReference; fileEncoding = 4; lastKnownFileType = sourcecode.c.objc; path = Recipe.m; sourceTree = "<group>"; };
		FCB2C6BE1D7452EE00594A59 /* openBG.jpeg */ = {isa = PBXFileReference; lastKnownFileType = image.jpeg; path = openBG.jpeg; sourceTree = "<group>"; };
		FCB2C6C11D74549600594A59 /* openBG.mp4 */ = {isa = PBXFileReference; lastKnownFileType = file; path = openBG.mp4; sourceTree = "<group>"; };
		FCB2C6C31D7454AD00594A59 /* bgvid.mp4 */ = {isa = PBXFileReference; lastKnownFileType = file; path = bgvid.mp4; sourceTree = "<group>"; };
		FCB2C6C51D7459EF00594A59 /* chef-512.png */ = {isa = PBXFileReference; lastKnownFileType = image.png; path = "chef-512.png"; sourceTree = "<group>"; };
		FCB2C6C71D745D9800594A59 /* bgIV4.jpg */ = {isa = PBXFileReference; lastKnownFileType = image.jpeg; path = bgIV4.jpg; sourceTree = "<group>"; };
		FCB2C6CC1D74621F00594A59 /* Donkey.h */ = {isa = PBXFileReference; fileEncoding = 4; lastKnownFileType = sourcecode.c.h; path = Donkey.h; sourceTree = "<group>"; };
		FCB2C6CD1D74621F00594A59 /* Donkey.m */ = {isa = PBXFileReference; fileEncoding = 4; lastKnownFileType = sourcecode.c.objc; path = Donkey.m; sourceTree = "<group>"; };
		FCB2C6CF1D746A5D00594A59 /* king.jpeg */ = {isa = PBXFileReference; lastKnownFileType = image.jpeg; path = king.jpeg; sourceTree = "<group>"; };
		FCB2C6D11D746D3800594A59 /* dog.jpg */ = {isa = PBXFileReference; lastKnownFileType = image.jpeg; path = dog.jpg; sourceTree = "<group>"; };
		FCBF20551D747FD5009F9BD7 /* Dog.h */ = {isa = PBXFileReference; fileEncoding = 4; lastKnownFileType = sourcecode.c.h; path = Dog.h; sourceTree = "<group>"; };
		FCBF20561D747FD5009F9BD7 /* Dog.m */ = {isa = PBXFileReference; fileEncoding = 4; lastKnownFileType = sourcecode.c.objc; path = Dog.m; sourceTree = "<group>"; };
		FCBF20581D7491E9009F9BD7 /* search-128.png */ = {isa = PBXFileReference; lastKnownFileType = image.png; path = "search-128.png"; sourceTree = "<group>"; };
		FCBF205A1D74976F009F9BD7 /* close-120.png */ = {isa = PBXFileReference; lastKnownFileType = image.png; path = "close-120.png"; sourceTree = "<group>"; };
		FCBF205C1D74A52C009F9BD7 /* edit-128.png */ = {isa = PBXFileReference; lastKnownFileType = image.png; path = "edit-128.png"; sourceTree = "<group>"; };
		FCBF205E1D74D93C009F9BD7 /* add-120.png */ = {isa = PBXFileReference; lastKnownFileType = image.png; path = "add-120.png"; sourceTree = "<group>"; };
		FCBF20601D75945E009F9BD7 /* arrow_right-128.png */ = {isa = PBXFileReference; lastKnownFileType = image.png; path = "arrow_right-128.png"; sourceTree = "<group>"; };
		FCBF20621D75F8BD009F9BD7 /* camera-128.png */ = {isa = PBXFileReference; lastKnownFileType = image.png; path = "camera-128.png"; sourceTree = "<group>"; };
		FCBF20641D75FDDE009F9BD7 /* settings-120.png */ = {isa = PBXFileReference; lastKnownFileType = image.png; path = "settings-120.png"; sourceTree = "<group>"; };
		FCBF20661D760244009F9BD7 /* cameraVC.h */ = {isa = PBXFileReference; fileEncoding = 4; lastKnownFileType = sourcecode.c.h; path = cameraVC.h; sourceTree = "<group>"; };
		FCBF20671D760244009F9BD7 /* cameraVC.m */ = {isa = PBXFileReference; fileEncoding = 4; lastKnownFileType = sourcecode.c.objc; path = cameraVC.m; sourceTree = "<group>"; };
		FCBF20691D7618D9009F9BD7 /* Fish.h */ = {isa = PBXFileReference; fileEncoding = 4; lastKnownFileType = sourcecode.c.h; path = Fish.h; sourceTree = "<group>"; };
		FCBF206A1D7618D9009F9BD7 /* Fish.m */ = {isa = PBXFileReference; fileEncoding = 4; lastKnownFileType = sourcecode.c.objc; path = Fish.m; sourceTree = "<group>"; };
/* End PBXFileReference section */

/* Begin PBXFrameworksBuildPhase section */
		FCB2C6551D744C6200594A59 /* Frameworks */ = {
			isa = PBXFrameworksBuildPhase;
			buildActionMask = 2147483647;
			files = (
			);
			runOnlyForDeploymentPostprocessing = 0;
		};
		FCB2C66E1D744C6200594A59 /* Frameworks */ = {
			isa = PBXFrameworksBuildPhase;
			buildActionMask = 2147483647;
			files = (
			);
			runOnlyForDeploymentPostprocessing = 0;
		};
		FCB2C6791D744C6200594A59 /* Frameworks */ = {
			isa = PBXFrameworksBuildPhase;
			buildActionMask = 2147483647;
			files = (
			);
			runOnlyForDeploymentPostprocessing = 0;
		};
/* End PBXFrameworksBuildPhase section */

/* Begin PBXGroup section */
		FC7D4C5A1D773BF7000B19AC /* Open */ = {
			isa = PBXGroup;
			children = (
				FCB2C6971D744D4C00594A59 /* openVC.h */,
				FCB2C6981D744D4C00594A59 /* openVC.m */,
				FCB2C69A1D744D5600594A59 /* loginVC.h */,
				FCB2C69B1D744D5600594A59 /* loginVC.m */,
				FCB2C69D1D744D6300594A59 /* registerVC.h */,
				FCB2C69E1D744D6300594A59 /* registerVC.m */,
			);
			name = Open;
			sourceTree = "<group>";
		};
		FC7D4C5B1D773C09000B19AC /* Display */ = {
			isa = PBXGroup;
			children = (
				FCB2C6A31D744D9200594A59 /* recipeVC.h */,
				FCB2C6A41D744D9200594A59 /* recipeVC.m */,
				FCB2C6A61D744DA500594A59 /* chefVC.h */,
				FCB2C6A71D744DA500594A59 /* chefVC.m */,
			);
			name = Display;
			sourceTree = "<group>";
		};
		FC7D4C5C1D773C1E000B19AC /* Edit */ = {
			isa = PBXGroup;
			children = (
				FCB2C6A91D744DBF00594A59 /* profileVC.h */,
				FCB2C6AA1D744DBF00594A59 /* profileVC.m */,
				FCB2C6AC1D744DE700594A59 /* editVC.h */,
				FCB2C6AD1D744DE700594A59 /* editVC.m */,
				FCBF20661D760244009F9BD7 /* cameraVC.h */,
				FCBF20671D760244009F9BD7 /* cameraVC.m */,
			);
			name = Edit;
			sourceTree = "<group>";
		};
		FCB2C64F1D744C6200594A59 = {
			isa = PBXGroup;
			children = (
				FCB2C65A1D744C6200594A59 /* Cooking2 */,
				FCB2C6741D744C6200594A59 /* Cooking2Tests */,
				FCB2C67F1D744C6200594A59 /* Cooking2UITests */,
				FCB2C6591D744C6200594A59 /* Products */,
			);
			sourceTree = "<group>";
		};
		FCB2C6591D744C6200594A59 /* Products */ = {
			isa = PBXGroup;
			children = (
				FCB2C6581D744C6200594A59 /* Cooking2.app */,
				FCB2C6711D744C6200594A59 /* Cooking2Tests.xctest */,
				FCB2C67C1D744C6200594A59 /* Cooking2UITests.xctest */,
			);
			name = Products;
			sourceTree = "<group>";
		};
		FCB2C65A1D744C6200594A59 /* Cooking2 */ = {
			isa = PBXGroup;
			children = (
				FCB2C65E1D744C6200594A59 /* AppDelegate.h */,
				FCB2C65F1D744C6200594A59 /* AppDelegate.m */,
				FCB2C68E1D744C8300594A59 /* mainVC.h */,
				FCB2C68F1D744C8300594A59 /* mainVC.m */,
				FCA663AC1D79A0B8006C1AF7 /* mainCell.h */,
				FCA663AD1D79A0B8006C1AF7 /* mainCell.m */,
				FCB2C6A01D744D8000594A59 /* searchVC.h */,
				FCB2C6A11D744D8000594A59 /* searchVC.m */,
				3964C9601D7C957800C8F6AD /* filterVC.h */,
				3964C9611D7C957800C8F6AD /* filterVC.m */,
				FC7D4C5A1D773BF7000B19AC /* Open */,
				FC7D4C5C1D773C1E000B19AC /* Edit */,
				FC7D4C5B1D773C09000B19AC /* Display */,
				FCB2C6B91D74500E00594A59 /* media */,
				FCB2C6AF1D744E0C00594A59 /* Animals */,
				FCB2C6B61D744E2600594A59 /* Objects */,
				FCB2C6641D744C6200594A59 /* Main.storyboard */,
				FCB2C6671D744C6200594A59 /* Assets.xcassets */,
				FCB2C6691D744C6200594A59 /* LaunchScreen.storyboard */,
				FCB2C66C1D744C6200594A59 /* Info.plist */,
				FCB2C65B1D744C6200594A59 /* Supporting Files */,
			);
			path = Cooking2;
			sourceTree = "<group>";
		};
		FCB2C65B1D744C6200594A59 /* Supporting Files */ = {
			isa = PBXGroup;
			children = (
				FCB2C65C1D744C6200594A59 /* main.m */,
			);
			name = "Supporting Files";
			sourceTree = "<group>";
		};
		FCB2C6741D744C6200594A59 /* Cooking2Tests */ = {
			isa = PBXGroup;
			children = (
				FCB2C6751D744C6200594A59 /* Cooking2Tests.m */,
				FCB2C6771D744C6200594A59 /* Info.plist */,
			);
			path = Cooking2Tests;
			sourceTree = "<group>";
		};
		FCB2C67F1D744C6200594A59 /* Cooking2UITests */ = {
			isa = PBXGroup;
			children = (
				FCB2C6801D744C6200594A59 /* Cooking2UITests.m */,
				FCB2C6821D744C6200594A59 /* Info.plist */,
			);
			path = Cooking2UITests;
			sourceTree = "<group>";
		};
		FCB2C6AF1D744E0C00594A59 /* Animals */ = {
			isa = PBXGroup;
			children = (
				FCB2C6911D744CE500594A59 /* Peacock.h */,
				FCB2C6921D744CE500594A59 /* Peacock.m */,
				FCB2C6CC1D74621F00594A59 /* Donkey.h */,
				FCB2C6CD1D74621F00594A59 /* Donkey.m */,
				FCBF20551D747FD5009F9BD7 /* Dog.h */,
				FCBF20561D747FD5009F9BD7 /* Dog.m */,
				FCBF20691D7618D9009F9BD7 /* Fish.h */,
				FCBF206A1D7618D9009F9BD7 /* Fish.m */,
			);
			name = Animals;
			sourceTree = "<group>";
		};
		FCB2C6B61D744E2600594A59 /* Objects */ = {
			isa = PBXGroup;
			children = (
				FCB2C6B01D744E2300594A59 /* User.h */,
				FCB2C6B11D744E2300594A59 /* User.m */,
				FCB2C6B21D744E2300594A59 /* Recipe.h */,
				FCB2C6B31D744E2300594A59 /* Recipe.m */,
			);
			name = Objects;
			sourceTree = "<group>";
		};
		FCB2C6B91D74500E00594A59 /* media */ = {
			isa = PBXGroup;
			children = (
				FCA663BF1D79C0B7006C1AF7 /* chef-128.png */,
				FCA663BD1D79BEB6006C1AF7 /* prep.png */,
				FCA663BB1D79AC01006C1AF7 /* cook.png */,
				FCA663B91D79AA71006C1AF7 /* star_full-128.png */,
				FCA663B31D79AA40006C1AF7 /* 1472837819_star-half.png */,
				FCA663B51D79AA43006C1AF7 /* 1472837863_star-half-2.png */,
				FCA663B71D79AA47006C1AF7 /* 1472837884_star-empty.png */,
				FCBF20621D75F8BD009F9BD7 /* camera-128.png */,
				FC7D4C581D772221000B19AC /* video-128.png */,
				FCBF20641D75FDDE009F9BD7 /* settings-120.png */,
				FCBF20601D75945E009F9BD7 /* arrow_right-128.png */,
				FCBF205C1D74A52C009F9BD7 /* edit-128.png */,
				FCBF205E1D74D93C009F9BD7 /* add-120.png */,
				FCBF205A1D74976F009F9BD7 /* close-120.png */,
				FCBF20581D7491E9009F9BD7 /* search-128.png */,
				FCB2C6CF1D746A5D00594A59 /* king.jpeg */,
				FCB2C6D11D746D3800594A59 /* dog.jpg */,
				FCB2C6C51D7459EF00594A59 /* chef-512.png */,
				FCB2C6BE1D7452EE00594A59 /* openBG.jpeg */,
				FCB2C6C71D745D9800594A59 /* bgIV4.jpg */,
				FCB2C6C11D74549600594A59 /* openBG.mp4 */,
				FCB2C6C31D7454AD00594A59 /* bgvid.mp4 */,
			);
			name = media;
			sourceTree = "<group>";
		};
/* End PBXGroup section */

/* Begin PBXNativeTarget section */
		FCB2C6571D744C6200594A59 /* Cooking2 */ = {
			isa = PBXNativeTarget;
			buildConfigurationList = FCB2C6851D744C6200594A59 /* Build configuration list for PBXNativeTarget "Cooking2" */;
			buildPhases = (
				FCB2C6541D744C6200594A59 /* Sources */,
				FCB2C6551D744C6200594A59 /* Frameworks */,
				FCB2C6561D744C6200594A59 /* Resources */,
			);
			buildRules = (
			);
			dependencies = (
			);
			name = Cooking2;
			productName = Cooking2;
			productReference = FCB2C6581D744C6200594A59 /* Cooking2.app */;
			productType = "com.apple.product-type.application";
		};
		FCB2C6701D744C6200594A59 /* Cooking2Tests */ = {
			isa = PBXNativeTarget;
			buildConfigurationList = FCB2C6881D744C6200594A59 /* Build configuration list for PBXNativeTarget "Cooking2Tests" */;
			buildPhases = (
				FCB2C66D1D744C6200594A59 /* Sources */,
				FCB2C66E1D744C6200594A59 /* Frameworks */,
				FCB2C66F1D744C6200594A59 /* Resources */,
			);
			buildRules = (
			);
			dependencies = (
				FCB2C6731D744C6200594A59 /* PBXTargetDependency */,
			);
			name = Cooking2Tests;
			productName = Cooking2Tests;
			productReference = FCB2C6711D744C6200594A59 /* Cooking2Tests.xctest */;
			productType = "com.apple.product-type.bundle.unit-test";
		};
		FCB2C67B1D744C6200594A59 /* Cooking2UITests */ = {
			isa = PBXNativeTarget;
			buildConfigurationList = FCB2C68B1D744C6200594A59 /* Build configuration list for PBXNativeTarget "Cooking2UITests" */;
			buildPhases = (
				FCB2C6781D744C6200594A59 /* Sources */,
				FCB2C6791D744C6200594A59 /* Frameworks */,
				FCB2C67A1D744C6200594A59 /* Resources */,
			);
			buildRules = (
			);
			dependencies = (
				FCB2C67E1D744C6200594A59 /* PBXTargetDependency */,
			);
			name = Cooking2UITests;
			productName = Cooking2UITests;
			productReference = FCB2C67C1D744C6200594A59 /* Cooking2UITests.xctest */;
			productType = "com.apple.product-type.bundle.ui-testing";
		};
/* End PBXNativeTarget section */

/* Begin PBXProject section */
		FCB2C6501D744C6200594A59 /* Project object */ = {
			isa = PBXProject;
			attributes = {
				LastUpgradeCheck = 0730;
				ORGANIZATIONNAME = "Steinbock Applications";
				TargetAttributes = {
					FCB2C6571D744C6200594A59 = {
						CreatedOnToolsVersion = 7.3.1;
					};
					FCB2C6701D744C6200594A59 = {
						CreatedOnToolsVersion = 7.3.1;
						TestTargetID = FCB2C6571D744C6200594A59;
					};
					FCB2C67B1D744C6200594A59 = {
						CreatedOnToolsVersion = 7.3.1;
						TestTargetID = FCB2C6571D744C6200594A59;
					};
				};
			};
			buildConfigurationList = FCB2C6531D744C6200594A59 /* Build configuration list for PBXProject "Cooking2" */;
			compatibilityVersion = "Xcode 3.2";
			developmentRegion = English;
			hasScannedForEncodings = 0;
			knownRegions = (
				en,
				Base,
			);
			mainGroup = FCB2C64F1D744C6200594A59;
			productRefGroup = FCB2C6591D744C6200594A59 /* Products */;
			projectDirPath = "";
			projectRoot = "";
			targets = (
				FCB2C6571D744C6200594A59 /* Cooking2 */,
				FCB2C6701D744C6200594A59 /* Cooking2Tests */,
				FCB2C67B1D744C6200594A59 /* Cooking2UITests */,
			);
		};
/* End PBXProject section */

/* Begin PBXResourcesBuildPhase section */
		FCB2C6561D744C6200594A59 /* Resources */ = {
			isa = PBXResourcesBuildPhase;
			buildActionMask = 2147483647;
			files = (
				FCB2C6C41D7454AD00594A59 /* bgvid.mp4 in Resources */,
				FCBF20651D75FDDE009F9BD7 /* settings-120.png in Resources */,
				FCA663BE1D79BEB6006C1AF7 /* prep.png in Resources */,
				FCB2C6C21D74549600594A59 /* openBG.mp4 in Resources */,
				FCBF205D1D74A52C009F9BD7 /* edit-128.png in Resources */,
				FCB2C66B1D744C6200594A59 /* LaunchScreen.storyboard in Resources */,
				FCBF205B1D74976F009F9BD7 /* close-120.png in Resources */,
				FCA663B41D79AA40006C1AF7 /* 1472837819_star-half.png in Resources */,
				FCBF20631D75F8BD009F9BD7 /* camera-128.png in Resources */,
				FCA663C01D79C0B7006C1AF7 /* chef-128.png in Resources */,
				FCBF20611D75945E009F9BD7 /* arrow_right-128.png in Resources */,
				FCA663B81D79AA47006C1AF7 /* 1472837884_star-empty.png in Resources */,
				FCB2C6681D744C6200594A59 /* Assets.xcassets in Resources */,
				FCB2C6D01D746A5D00594A59 /* king.jpeg in Resources */,
				FCB2C6C81D745D9800594A59 /* bgIV4.jpg in Resources */,
				FCB2C6D21D746D3800594A59 /* dog.jpg in Resources */,
				FCB2C6C61D7459EF00594A59 /* chef-512.png in Resources */,
				FCBF20591D7491E9009F9BD7 /* search-128.png in Resources */,
				FCB2C6BF1D7452EE00594A59 /* openBG.jpeg in Resources */,
				FCA663BA1D79AA71006C1AF7 /* star_full-128.png in Resources */,
				FCA663BC1D79AC01006C1AF7 /* cook.png in Resources */,
				FCB2C6661D744C6200594A59 /* Main.storyboard in Resources */,
				FCBF205F1D74D93C009F9BD7 /* add-120.png in Resources */,
				FCA663B61D79AA43006C1AF7 /* 1472837863_star-half-2.png in Resources */,
				FC7D4C591D772221000B19AC /* video-128.png in Resources */,
			);
			runOnlyForDeploymentPostprocessing = 0;
		};
		FCB2C66F1D744C6200594A59 /* Resources */ = {
			isa = PBXResourcesBuildPhase;
			buildActionMask = 2147483647;
			files = (
			);
			runOnlyForDeploymentPostprocessing = 0;
		};
		FCB2C67A1D744C6200594A59 /* Resources */ = {
			isa = PBXResourcesBuildPhase;
			buildActionMask = 2147483647;
			files = (
			);
			runOnlyForDeploymentPostprocessing = 0;
		};
/* End PBXResourcesBuildPhase section */

/* Begin PBXSourcesBuildPhase section */
		FCB2C6541D744C6200594A59 /* Sources */ = {
			isa = PBXSourcesBuildPhase;
			buildActionMask = 2147483647;
			files = (
				FCB2C6CE1D74621F00594A59 /* Donkey.m in Sources */,
				FCB2C6B41D744E2300594A59 /* User.m in Sources */,
				FCB2C6B51D744E2300594A59 /* Recipe.m in Sources */,
				FCB2C6601D744C6200594A59 /* AppDelegate.m in Sources */,
				FCB2C65D1D744C6200594A59 /* main.m in Sources */,
				FCB2C6AE1D744DE700594A59 /* editVC.m in Sources */,
				FCBF20681D760244009F9BD7 /* cameraVC.m in Sources */,
				FCB2C6A81D744DA500594A59 /* chefVC.m in Sources */,
				FCB2C6991D744D4C00594A59 /* openVC.m in Sources */,
				FCBF206B1D7618D9009F9BD7 /* Fish.m in Sources */,
				FCB2C6AB1D744DBF00594A59 /* profileVC.m in Sources */,
				FCB2C69F1D744D6300594A59 /* registerVC.m in Sources */,
				3964C9621D7C957800C8F6AD /* filterVC.m in Sources */,
				FCBF20571D747FD5009F9BD7 /* Dog.m in Sources */,
				FCB2C6A51D744D9200594A59 /* recipeVC.m in Sources */,
				FCB2C6A21D744D8000594A59 /* searchVC.m in Sources */,
				FCB2C6931D744CE500594A59 /* Peacock.m in Sources */,
				FCB2C69C1D744D5600594A59 /* loginVC.m in Sources */,
				FCA663AE1D79A0B8006C1AF7 /* mainCell.m in Sources */,
				FCB2C6901D744C8300594A59 /* mainVC.m in Sources */,
			);
			runOnlyForDeploymentPostprocessing = 0;
		};
		FCB2C66D1D744C6200594A59 /* Sources */ = {
			isa = PBXSourcesBuildPhase;
			buildActionMask = 2147483647;
			files = (
				FCB2C6761D744C6200594A59 /* Cooking2Tests.m in Sources */,
			);
			runOnlyForDeploymentPostprocessing = 0;
		};
		FCB2C6781D744C6200594A59 /* Sources */ = {
			isa = PBXSourcesBuildPhase;
			buildActionMask = 2147483647;
			files = (
				FCB2C6811D744C6200594A59 /* Cooking2UITests.m in Sources */,
			);
			runOnlyForDeploymentPostprocessing = 0;
		};
/* End PBXSourcesBuildPhase section */

/* Begin PBXTargetDependency section */
		FCB2C6731D744C6200594A59 /* PBXTargetDependency */ = {
			isa = PBXTargetDependency;
			target = FCB2C6571D744C6200594A59 /* Cooking2 */;
			targetProxy = FCB2C6721D744C6200594A59 /* PBXContainerItemProxy */;
		};
		FCB2C67E1D744C6200594A59 /* PBXTargetDependency */ = {
			isa = PBXTargetDependency;
			target = FCB2C6571D744C6200594A59 /* Cooking2 */;
			targetProxy = FCB2C67D1D744C6200594A59 /* PBXContainerItemProxy */;
		};
/* End PBXTargetDependency section */

/* Begin PBXVariantGroup section */
		FCB2C6641D744C6200594A59 /* Main.storyboard */ = {
			isa = PBXVariantGroup;
			children = (
				FCB2C6651D744C6200594A59 /* Base */,
			);
			name = Main.storyboard;
			sourceTree = "<group>";
		};
		FCB2C6691D744C6200594A59 /* LaunchScreen.storyboard */ = {
			isa = PBXVariantGroup;
			children = (
				FCB2C66A1D744C6200594A59 /* Base */,
			);
			name = LaunchScreen.storyboard;
			sourceTree = "<group>";
		};
/* End PBXVariantGroup section */

/* Begin XCBuildConfiguration section */
		FCB2C6831D744C6200594A59 /* Debug */ = {
			isa = XCBuildConfiguration;
			buildSettings = {
				ALWAYS_SEARCH_USER_PATHS = NO;
				CLANG_ANALYZER_NONNULL = YES;
				CLANG_CXX_LANGUAGE_STANDARD = "gnu++0x";
				CLANG_CXX_LIBRARY = "libc++";
				CLANG_ENABLE_MODULES = YES;
				CLANG_ENABLE_OBJC_ARC = YES;
				CLANG_WARN_BOOL_CONVERSION = YES;
				CLANG_WARN_CONSTANT_CONVERSION = YES;
				CLANG_WARN_DIRECT_OBJC_ISA_USAGE = YES_ERROR;
				CLANG_WARN_EMPTY_BODY = YES;
				CLANG_WARN_ENUM_CONVERSION = YES;
				CLANG_WARN_INT_CONVERSION = YES;
				CLANG_WARN_OBJC_ROOT_CLASS = YES_ERROR;
				CLANG_WARN_UNREACHABLE_CODE = YES;
				CLANG_WARN__DUPLICATE_METHOD_MATCH = YES;
				"CODE_SIGN_IDENTITY[sdk=iphoneos*]" = "iPhone Developer";
				COPY_PHASE_STRIP = NO;
				DEBUG_INFORMATION_FORMAT = dwarf;
				ENABLE_STRICT_OBJC_MSGSEND = YES;
				ENABLE_TESTABILITY = YES;
				GCC_C_LANGUAGE_STANDARD = gnu99;
				GCC_DYNAMIC_NO_PIC = NO;
				GCC_NO_COMMON_BLOCKS = YES;
				GCC_OPTIMIZATION_LEVEL = 0;
				GCC_PREPROCESSOR_DEFINITIONS = (
					"DEBUG=1",
					"$(inherited)",
				);
				GCC_WARN_64_TO_32_BIT_CONVERSION = YES;
				GCC_WARN_ABOUT_RETURN_TYPE = YES_ERROR;
				GCC_WARN_UNDECLARED_SELECTOR = YES;
				GCC_WARN_UNINITIALIZED_AUTOS = YES_AGGRESSIVE;
				GCC_WARN_UNUSED_FUNCTION = YES;
				GCC_WARN_UNUSED_VARIABLE = YES;
				IPHONEOS_DEPLOYMENT_TARGET = 9.3;
				MTL_ENABLE_DEBUG_INFO = YES;
				ONLY_ACTIVE_ARCH = YES;
				SDKROOT = iphoneos;
			};
			name = Debug;
		};
		FCB2C6841D744C6200594A59 /* Release */ = {
			isa = XCBuildConfiguration;
			buildSettings = {
				ALWAYS_SEARCH_USER_PATHS = NO;
				CLANG_ANALYZER_NONNULL = YES;
				CLANG_CXX_LANGUAGE_STANDARD = "gnu++0x";
				CLANG_CXX_LIBRARY = "libc++";
				CLANG_ENABLE_MODULES = YES;
				CLANG_ENABLE_OBJC_ARC = YES;
				CLANG_WARN_BOOL_CONVERSION = YES;
				CLANG_WARN_CONSTANT_CONVERSION = YES;
				CLANG_WARN_DIRECT_OBJC_ISA_USAGE = YES_ERROR;
				CLANG_WARN_EMPTY_BODY = YES;
				CLANG_WARN_ENUM_CONVERSION = YES;
				CLANG_WARN_INT_CONVERSION = YES;
				CLANG_WARN_OBJC_ROOT_CLASS = YES_ERROR;
				CLANG_WARN_UNREACHABLE_CODE = YES;
				CLANG_WARN__DUPLICATE_METHOD_MATCH = YES;
				"CODE_SIGN_IDENTITY[sdk=iphoneos*]" = "iPhone Developer";
				COPY_PHASE_STRIP = NO;
				DEBUG_INFORMATION_FORMAT = "dwarf-with-dsym";
				ENABLE_NS_ASSERTIONS = NO;
				ENABLE_STRICT_OBJC_MSGSEND = YES;
				GCC_C_LANGUAGE_STANDARD = gnu99;
				GCC_NO_COMMON_BLOCKS = YES;
				GCC_WARN_64_TO_32_BIT_CONVERSION = YES;
				GCC_WARN_ABOUT_RETURN_TYPE = YES_ERROR;
				GCC_WARN_UNDECLARED_SELECTOR = YES;
				GCC_WARN_UNINITIALIZED_AUTOS = YES_AGGRESSIVE;
				GCC_WARN_UNUSED_FUNCTION = YES;
				GCC_WARN_UNUSED_VARIABLE = YES;
				IPHONEOS_DEPLOYMENT_TARGET = 9.3;
				MTL_ENABLE_DEBUG_INFO = NO;
				SDKROOT = iphoneos;
				VALIDATE_PRODUCT = YES;
			};
			name = Release;
		};
		FCB2C6861D744C6200594A59 /* Debug */ = {
			isa = XCBuildConfiguration;
			buildSettings = {
				ASSETCATALOG_COMPILER_APPICON_NAME = AppIcon;
				INFOPLIST_FILE = Cooking2/Info.plist;
				LD_RUNPATH_SEARCH_PATHS = "$(inherited) @executable_path/Frameworks";
				PRODUCT_BUNDLE_IDENTIFIER = steinbock.Cooking2;
				PRODUCT_NAME = "$(TARGET_NAME)";
			};
			name = Debug;
		};
		FCB2C6871D744C6200594A59 /* Release */ = {
			isa = XCBuildConfiguration;
			buildSettings = {
				ASSETCATALOG_COMPILER_APPICON_NAME = AppIcon;
				INFOPLIST_FILE = Cooking2/Info.plist;
				LD_RUNPATH_SEARCH_PATHS = "$(inherited) @executable_path/Frameworks";
				PRODUCT_BUNDLE_IDENTIFIER = steinbock.Cooking2;
				PRODUCT_NAME = "$(TARGET_NAME)";
			};
			name = Release;
		};
		FCB2C6891D744C6200594A59 /* Debug */ = {
			isa = XCBuildConfiguration;
			buildSettings = {
				BUNDLE_LOADER = "$(TEST_HOST)";
				INFOPLIST_FILE = Cooking2Tests/Info.plist;
				LD_RUNPATH_SEARCH_PATHS = "$(inherited) @executable_path/Frameworks @loader_path/Frameworks";
				PRODUCT_BUNDLE_IDENTIFIER = steinbock.Cooking2Tests;
				PRODUCT_NAME = "$(TARGET_NAME)";
				TEST_HOST = "$(BUILT_PRODUCTS_DIR)/Cooking2.app/Cooking2";
			};
			name = Debug;
		};
		FCB2C68A1D744C6200594A59 /* Release */ = {
			isa = XCBuildConfiguration;
			buildSettings = {
				BUNDLE_LOADER = "$(TEST_HOST)";
				INFOPLIST_FILE = Cooking2Tests/Info.plist;
				LD_RUNPATH_SEARCH_PATHS = "$(inherited) @executable_path/Frameworks @loader_path/Frameworks";
				PRODUCT_BUNDLE_IDENTIFIER = steinbock.Cooking2Tests;
				PRODUCT_NAME = "$(TARGET_NAME)";
				TEST_HOST = "$(BUILT_PRODUCTS_DIR)/Cooking2.app/Cooking2";
			};
			name = Release;
		};
		FCB2C68C1D744C6200594A59 /* Debug */ = {
			isa = XCBuildConfiguration;
			buildSettings = {
				INFOPLIST_FILE = Cooking2UITests/Info.plist;
				LD_RUNPATH_SEARCH_PATHS = "$(inherited) @executable_path/Frameworks @loader_path/Frameworks";
				PRODUCT_BUNDLE_IDENTIFIER = steinbock.Cooking2UITests;
				PRODUCT_NAME = "$(TARGET_NAME)";
				TEST_TARGET_NAME = Cooking2;
			};
			name = Debug;
		};
		FCB2C68D1D744C6200594A59 /* Release */ = {
			isa = XCBuildConfiguration;
			buildSettings = {
				INFOPLIST_FILE = Cooking2UITests/Info.plist;
				LD_RUNPATH_SEARCH_PATHS = "$(inherited) @executable_path/Frameworks @loader_path/Frameworks";
				PRODUCT_BUNDLE_IDENTIFIER = steinbock.Cooking2UITests;
				PRODUCT_NAME = "$(TARGET_NAME)";
				TEST_TARGET_NAME = Cooking2;
			};
			name = Release;
		};
/* End XCBuildConfiguration section */

/* Begin XCConfigurationList section */
		FCB2C6531D744C6200594A59 /* Build configuration list for PBXProject "Cooking2" */ = {
			isa = XCConfigurationList;
			buildConfigurations = (
				FCB2C6831D744C6200594A59 /* Debug */,
				FCB2C6841D744C6200594A59 /* Release */,
			);
			defaultConfigurationIsVisible = 0;
			defaultConfigurationName = Release;
		};
		FCB2C6851D744C6200594A59 /* Build configuration list for PBXNativeTarget "Cooking2" */ = {
			isa = XCConfigurationList;
			buildConfigurations = (
				FCB2C6861D744C6200594A59 /* Debug */,
				FCB2C6871D744C6200594A59 /* Release */,
			);
			defaultConfigurationIsVisible = 0;
			defaultConfigurationName = Release;
		};
		FCB2C6881D744C6200594A59 /* Build configuration list for PBXNativeTarget "Cooking2Tests" */ = {
			isa = XCConfigurationList;
			buildConfigurations = (
				FCB2C6891D744C6200594A59 /* Debug */,
				FCB2C68A1D744C6200594A59 /* Release */,
			);
			defaultConfigurationIsVisible = 0;
			defaultConfigurationName = Release;
		};
		FCB2C68B1D744C6200594A59 /* Build configuration list for PBXNativeTarget "Cooking2UITests" */ = {
			isa = XCConfigurationList;
			buildConfigurations = (
				FCB2C68C1D744C6200594A59 /* Debug */,
				FCB2C68D1D744C6200594A59 /* Release */,
			);
			defaultConfigurationIsVisible = 0;
			defaultConfigurationName = Release;
		};
/* End XCConfigurationList section */
	};
	rootObject = FCB2C6501D744C6200594A59 /* Project object */;
}
